{"format_version":"1.0","provider_schemas":{"registry.terraform.io/jgautheron/signoz":{"provider":{"version":0,"block":{"attributes":{"access_token":{"type":"string","description":"SigNoz Service Account access token, sent as the `SIGNOZ-API-KEY` header. May also be set via the `SIGNOZ_ACCESS_TOKEN` environment variable. Required for any real API call.","description_kind":"markdown","optional":true,"sensitive":true},"endpoint":{"type":"string","description":"Base URL of the SigNoz query-service API (e.g. `https://signoz.example.com`). Defaults to `http://localhost:3301`. May also be set via the `SIGNOZ_ENDPOINT` environment variable.","description_kind":"markdown","optional":true},"http_max_retry":{"type":"number","description":"Maximum retries for transient (5xx / network) failures. Defaults to 3. May also be set via `SIGNOZ_HTTP_MAX_RETRY`.","description_kind":"markdown","optional":true},"http_timeout":{"type":"number","description":"Per-request HTTP timeout in seconds. Defaults to 35. May also be set via `SIGNOZ_HTTP_TIMEOUT`.","description_kind":"markdown","optional":true}},"description":"Manage SigNoz dashboards, alerts, notification channels, saved views, and log pipelines as code.","description_kind":"markdown"}},"resource_schemas":{"signoz_alert":{"version":0,"block":{"attributes":{"alert":{"type":"string","description":"Alert name.","description_kind":"markdown","required":true},"alert_type":{"type":"string","description":"One of `METRIC_BASED_ALERT`, `LOGS_BASED_ALERT`, `TRACES_BASED_ALERT`, `EXCEPTIONS_BASED_ALERT`.","description_kind":"markdown","required":true},"condition":{"type":"string","description":"Query condition as JSON (compositeQuery + thresholds). Compared semantically.","description_kind":"markdown","required":true},"description":{"type":"string","description":"Human-readable description.","description_kind":"markdown","optional":true},"disabled":{"type":"bool","description":"Whether the rule is disabled. Defaults to false.","description_kind":"markdown","optional":true,"computed":true},"eval_window":{"type":"string","description":"Evaluation window (e.g. `5m0s`).","description_kind":"markdown","optional":true,"computed":true},"evaluation":{"type":"string","description":"Evaluation block as JSON (v2alpha1+). Compared semantically.","description_kind":"markdown","optional":true},"frequency":{"type":"string","description":"Evaluation frequency (e.g. `1m0s`).","description_kind":"markdown","optional":true,"computed":true},"id":{"type":"string","description":"Server-assigned alert rule id.","description_kind":"markdown","computed":true},"labels":{"type":["map","string"],"description":"Custom labels attached to the alert.","description_kind":"markdown","optional":true},"notification_settings":{"type":"string","description":"Notification settings as JSON (renotify, group_by, use_policy). Compared semantically.","description_kind":"markdown","optional":true},"preferred_channels":{"type":["list","string"],"description":"Notification channel names the alert routes to.","description_kind":"markdown","optional":true},"rule_type":{"type":"string","description":"Rule engine type: `threshold_rule` (default) or `promql_rule`.","description_kind":"markdown","optional":true,"computed":true},"schema_version":{"type":"string","description":"Alert schema version. Defaults to `v2alpha1`.","description_kind":"markdown","optional":true,"computed":true},"severity":{"type":"string","description":"Severity label (e.g. `info`, `warning`, `critical`).","description_kind":"markdown","optional":true},"source":{"type":"string","description":"Source URL recorded on the rule.","description_kind":"markdown","optional":true},"version":{"type":"string","description":"Alert API version. Defaults to `v5` (required by SigNoz \u003e= 0.125).","description_kind":"markdown","optional":true,"computed":true}},"description":"A SigNoz alert rule. Top-level fields are typed; the query `condition`, `evaluation`, and `notification_settings` are JSON blobs (export from the SigNoz UI to adapt). Defaults target the v5 / v2alpha1 schema required by SigNoz \u003e= 0.125.","description_kind":"markdown"}},"signoz_dashboard":{"version":0,"block":{"attributes":{"data":{"type":"string","description":"Dashboard definition as JSON (title, layout, widgets, variables, …). Compared semantically, so key ordering and whitespace don't cause diffs.","description_kind":"markdown","required":true},"id":{"type":"string","description":"Server-assigned dashboard UUID.","description_kind":"markdown","computed":true}},"description":"A SigNoz dashboard. The full dashboard definition is supplied as JSON in `data`; export an existing dashboard from the SigNoz UI to bootstrap it.","description_kind":"markdown"}},"signoz_log_pipeline":{"version":0,"block":{"attributes":{"id":{"type":"string","description":"Constant singleton id (`signoz-log-pipelines`).","description_kind":"markdown","computed":true},"pipelines":{"type":"string","description":"Ordered array of pipeline definitions as JSON. Compared semantically.","description_kind":"markdown","required":true}},"description":"The SigNoz log-processing pipeline set. SigNoz manages log pipelines as a single versioned, ordered collection, so this is a **singleton** resource — declare at most one. Applying publishes a new pipeline-set version; destroying publishes an empty set.","description_kind":"markdown"}},"signoz_notification_channel":{"version":0,"block":{"attributes":{"data":{"type":"string","description":"Receiver configuration as JSON, e.g. `{\"slack_configs\":[{\"api_url\":\"…\",\"channel\":\"#alerts\"}]}`. Compared semantically.","description_kind":"markdown","required":true},"id":{"type":"string","description":"Server-assigned channel id.","description_kind":"markdown","computed":true},"name":{"type":"string","description":"Unique channel name.","description_kind":"markdown","required":true}},"description":"A SigNoz notification channel (Slack, webhook, PagerDuty, email, OpsGenie, MS Teams). **Write operations require an admin Service Account token.** The receiver config goes in `data` as JSON.","description_kind":"markdown"}},"signoz_saved_view":{"version":0,"block":{"attributes":{"data":{"type":"string","description":"Saved query state as JSON (compositeQuery, filters, columns, …). Compared semantically.","description_kind":"markdown","required":true},"id":{"type":"string","description":"Server-assigned view id.","description_kind":"markdown","computed":true},"name":{"type":"string","description":"View name.","description_kind":"markdown","required":true},"source_page":{"type":"string","description":"Explorer the view belongs to: `logs` or `traces`.","description_kind":"markdown","required":true}},"description":"A saved SigNoz explorer view (logs or traces). The query state goes in `data` as JSON.","description_kind":"markdown"}}}}}}
